
Microsoft Visual Studio Solution File, Format Version 12.00
# Visual Studio Version 17
VisualStudioVersion = 17.11.35219.272
MinimumVisualStudioVersion = 10.0.40219.1
Project("{FAE04EC0-301F-11D3-BF4B-00C04F79EFBC}") = "Kebab House", "Kebab House\Kebab House.csproj", "{CBB47158-43D5-406A-8714-94ED5D362D14}"
EndProject
Global
	GlobalSection(SolutionConfigurationPlatforms) = preSolution
		Debug|Any CPU = Debug|Any CPU
		Release|Any CPU = Release|Any CPU
	EndGlobalSection
	GlobalSection(ProjectConfigurationPlatforms) = postSolution
		{CBB47158-43D5-406A-8714-94ED5D362D14}.Debug|Any CPU.ActiveCfg = Debug|Any CPU
		{CBB47158-43D5-406A-8714-94ED5D362D14}.Debug|Any CPU.Build.0 = Debug|Any CPU
		{CBB47158-43D5-406A-8714-94ED5D362D14}.Release|Any CPU.ActiveCfg = Release|Any CPU
		{CBB47158-43D5-406A-8714-94ED5D362D14}.Release|Any CPU.Build.0 = Release|Any CPU
	EndGlobalSection
	GlobalSection(SolutionProperties) = preSolution
		HideSolutionNode = FALSE
	EndGlobalSection
	GlobalSection(ExtensibilityGlobals) = postSolution
		SolutionGuid = {368FEAD2-FFF2-4E33-82C5-5E60440093F2}
	EndGlobalSection
EndGlobal
